{
  "version": 4,
  "terraform_version": "1.9.3",
  "serial": 1,
  "lineage": "a6055143-87f5-bdde-1b7e-e32f7059f435",
  "outputs": {},
  "resources": [
    {
      "mode": "managed",
      "type": "spotify_playlist",
      "name": "Bollywood",
      "provider": "provider[\"registry.terraform.io/conradludgate/spotify\"]",
      "instances": [
        {
          "schema_version": 0,
          "attributes": {
            "description": null,
            "id": "1wi6P6V5yzYE1OMi0SfbA4",
            "name": "Bollywood",
            "public": true,
            "snapshot_id": "AAAAAoLEh45HaijYqq45/pQJ739gLZdp",
            "tracks": [
              "131yybV7A3TmC34a0qE8u8"
            ]
          },
          "sensitive_attributes": [],
          "private": "bnVsbA=="
        }
      ]
    }
  ],
  "check_results": null
}
